// !$*UTF8*$!
{
	archiveVersion = 1;
	classes = {
	};
	objectVersion = 77;
	objects = {

/* Begin PBXContainerItemProxy section */
		FFCFAC5C2EBAE64200EAF538 /* PBXContainerItemProxy */ = {
			isa = PBXContainerItemProxy;
			containerPortal = FFCFAC462EBAE64000EAF538 /* Project object */;
			proxyType = 1;
			remoteGlobalIDString = FFCFAC4D2EBAE64000EAF538;
			remoteInfo = "ChromaVUE 3";
		};
		FFCFAC662EBAE64200EAF538 /* PBXContainerItemProxy */ = {
			isa = PBXContainerItemProxy;
			containerPortal = FFCFAC462EBAE64000EAF538 /* Project object */;
			proxyType = 1;
			remoteGlobalIDString = FFCFAC4D2EBAE64000EAF538;
			remoteInfo = "ChromaVUE 3";
		};
/* End PBXContainerItemProxy section */

/* Begin PBXFileReference section */
		FFCFAC4E2EBAE64000EAF538 /* ChromaVUE 3.app */ = {isa = PBXFileReference; explicitFileType = wrapper.application; includeInIndex = 0; path = "ChromaVUE 3.app"; sourceTree = BUILT_PRODUCTS_DIR; };
		FFCFAC5B2EBAE64200EAF538 /* ChromaVUE 3Tests.xctest */ = {isa = PBXFileReference; explicitFileType = wrapper.cfbundle; includeInIndex = 0; path = "ChromaVUE 3Tests.xctest"; sourceTree = BUILT_PRODUCTS_DIR; };
		FFCFAC652EBAE64200EAF538 /* ChromaVUE 3UITests.xctest */ = {isa = PBXFileReference; explicitFileType = wrapper.cfbundle; includeInIndex = 0; path = "ChromaVUE 3UITests.xctest"; sourceTree = BUILT_PRODUCTS_DIR; };
/* End PBXFileReference section */

/* Begin PBXFileSystemSynchronizedRootGroup section */
		FFCFAC502EBAE64000EAF538 /* ChromaVUE 3 */ = {
			isa = PBXFileSystemSynchronizedRootGroup;
			path = "ChromaVUE 3";
			sourceTree = "<group>";
		};
		FFCFAC5E2EBAE64200EAF538 /* ChromaVUE 3Tests */ = {
			isa = PBXFileSystemSynchronizedRootGroup;
			path = "ChromaVUE 3Tests";
			sourceTree = "<group>";
		};
		FFCFAC682EBAE64200EAF538 /* ChromaVUE 3UITests */ = {
			isa = PBXFileSystemSynchronizedRootGroup;
			path = "ChromaVUE 3UITests";
			sourceTree = "<group>";
		};
/* End PBXFileSystemSynchronizedRootGroup section */

/* Begin PBXFrameworksBuildPhase section */
		FFCFAC4B2EBAE64000EAF538 /* Frameworks */ = {
			isa = PBXFrameworksBuildPhase;
			buildActionMask = 2147483647;
			files = (
			);
			runOnlyForDeploymentPostprocessing = 0;
		};
		FFCFAC582EBAE64200EAF538 /* Frameworks */ = {
			isa = PBXFrameworksBuildPhase;
			buildActionMask = 2147483647;
			files = (
			);
			runOnlyForDeploymentPostprocessing = 0;
		};
		FFCFAC622EBAE64200EAF538 /* Frameworks */ = {
			isa = PBXFrameworksBuildPhase;
			buildActionMask = 2147483647;
			files = (
			);
			runOnlyForDeploymentPostprocessing = 0;
		};
/* End PBXFrameworksBuildPhase section */

/* Begin PBXGroup section */
		FFCFAC452EBAE64000EAF538 = {
			isa = PBXGroup;
			children = (
				FFCFAC502EBAE64000EAF538 /* ChromaVUE 3 */,
				FFCFAC5E2EBAE64200EAF538 /* ChromaVUE 3Tests */,
				FFCFAC682EBAE64200EAF538 /* ChromaVUE 3UITests */,
				FFCFAC4F2EBAE64000EAF538 /* Products */,
			);
			sourceTree = "<group>";
		};
		FFCFAC4F2EBAE64000EAF538 /* Products */ = {
			isa = PBXGroup;
			children = (
				FFCFAC4E2EBAE64000EAF538 /* ChromaVUE 3.app */,
				FFCFAC5B2EBAE64200EAF538 /* ChromaVUE 3Tests.xctest */,
				FFCFAC652EBAE64200EAF538 /* ChromaVUE 3UITests.xctest */,
			);
			name = Products;
			sourceTree = "<group>";
		};
/* End PBXGroup section */

/* Begin PBXNativeTarget section */
		FFCFAC4D2EBAE64000EAF538 /* ChromaVUE 3 */ = {
			isa = PBXNativeTarget;
			buildConfigurationList = FFCFAC6F2EBAE64200EAF538 /* Build configuration list for PBXNativeTarget "ChromaVUE 3" */;
			buildPhases = (
				FFCFAC4A2EBAE64000EAF538 /* Sources */,
				FFCFAC4B2EBAE64000EAF538 /* Frameworks */,
				FFCFAC4C2EBAE64000EAF538 /* Resources */,
			);
			buildRules = (
			);
			dependencies = (
			);
			fileSystemSynchronizedGroups = (
				FFCFAC502EBAE64000EAF538 /* ChromaVUE 3 */,
			);
			name = "ChromaVUE 3";
			packageProductDependencies = (
			);
			productName = "ChromaVUE 3";
			productReference = FFCFAC4E2EBAE64000EAF538 /* ChromaVUE 3.app */;
			productType = "com.apple.product-type.application";
		};
		FFCFAC5A2EBAE64200EAF538 /* ChromaVUE 3Tests */ = {
			isa = PBXNativeTarget;
			buildConfigurationList = FFCFAC722EBAE64200EAF538 /* Build configuration list for PBXNativeTarget "ChromaVUE 3Tests" */;
			buildPhases = (
				FFCFAC572EBAE64200EAF538 /* Sources */,
				FFCFAC582EBAE64200EAF538 /* Frameworks */,
				FFCFAC592EBAE64200EAF538 /* Resources */,
			);
			buildRules = (
			);
			dependencies = (
				FFCFAC5D2EBAE64200EAF538 /* PBXTargetDependency */,
			);
			fileSystemSynchronizedGroups = (
				FFCFAC5E2EBAE64200EAF538 /* ChromaVUE 3Tests */,
			);
			name = "ChromaVUE 3Tests";
			packageProductDependencies = (
			);
			productName = "ChromaVUE 3Tests";
			productReference = FFCFAC5B2EBAE64200EAF538 /* ChromaVUE 3Tests.xctest */;
			productType = "com.apple.product-type.bundle.unit-test";
		};
		FFCFAC642EBAE64200EAF538 /* ChromaVUE 3UITests */ = {
			isa = PBXNativeTarget;
			buildConfigurationList = FFCFAC752EBAE64200EAF538 /* Build configuration list for PBXNativeTarget "ChromaVUE 3UITests" */;
			buildPhases = (
				FFCFAC612EBAE64200EAF538 /* Sources */,
				FFCFAC622EBAE64200EAF538 /* Frameworks */,
				FFCFAC632EBAE64200EAF538 /* Resources */,
			);
			buildRules = (
			);
			dependencies = (
				FFCFAC672EBAE64200EAF538 /* PBXTargetDependency */,
			);
			fileSystemSynchronizedGroups = (
				FFCFAC682EBAE64200EAF538 /* ChromaVUE 3UITests */,
			);
			name = "ChromaVUE 3UITests";
			packageProductDependencies = (
			);
			productName = "ChromaVUE 3UITests";
			productReference = FFCFAC652EBAE64200EAF538 /* ChromaVUE 3UITests.xctest */;
			productType = "com.apple.product-type.bundle.ui-testing";
		};
/* End PBXNativeTarget section */

/* Begin PBXProject section */
		FFCFAC462EBAE64000EAF538 /* Project object */ = {
			isa = PBXProject;
			attributes = {
				BuildIndependentTargetsInParallel = 1;
				LastSwiftUpdateCheck = 2600;
				LastUpgradeCheck = 2600;
				TargetAttributes = {
					FFCFAC4D2EBAE64000EAF538 = {
						CreatedOnToolsVersion = 26.0.1;
					};
					FFCFAC5A2EBAE64200EAF538 = {
						CreatedOnToolsVersion = 26.0.1;
						TestTargetID = FFCFAC4D2EBAE64000EAF538;
					};
					FFCFAC642EBAE64200EAF538 = {
						CreatedOnToolsVersion = 26.0.1;
						TestTargetID = FFCFAC4D2EBAE64000EAF538;
					};
				};
			};
			buildConfigurationList = FFCFAC492EBAE64000EAF538 /* Build configuration list for PBXProject "ChromaVUE 3" */;
			developmentRegion = en;
			hasScannedForEncodings = 0;
			knownRegions = (
				en,
				Base,
			);
			mainGroup = FFCFAC452EBAE64000EAF538;
			minimizedProjectReferenceProxies = 1;
			preferredProjectObjectVersion = 77;
			productRefGroup = FFCFAC4F2EBAE64000EAF538 /* Products */;
			projectDirPath = "";
			projectRoot = "";
			targets = (
				FFCFAC4D2EBAE64000EAF538 /* ChromaVUE 3 */,
				FFCFAC5A2EBAE64200EAF538 /* ChromaVUE 3Tests */,
				FFCFAC642EBAE64200EAF538 /* ChromaVUE 3UITests */,
			);
		};
/* End PBXProject section */

/* Begin PBXResourcesBuildPhase section */
		FFCFAC4C2EBAE64000EAF538 /* Resources */ = {
			isa = PBXResourcesBuildPhase;
			buildActionMask = 2147483647;
			files = (
			);
			runOnlyForDeploymentPostprocessing = 0;
		};
		FFCFAC592EBAE64200EAF538 /* Resources */ = {
			isa = PBXResourcesBuildPhase;
			buildActionMask = 2147483647;
			files = (
			);
			runOnlyForDeploymentPostprocessing = 0;
		};
		FFCFAC632EBAE64200EAF538 /* Resources */ = {
			isa = PBXResourcesBuildPhase;
			buildActionMask = 2147483647;
			files = (
			);
			runOnlyForDeploymentPostprocessing = 0;
		};
/* End PBXResourcesBuildPhase section */

/* Begin PBXSourcesBuildPhase section */
		FFCFAC4A2EBAE64000EAF538 /* Sources */ = {
			isa = PBXSourcesBuildPhase;
			buildActionMask = 2147483647;
			files = (
			);
			runOnlyForDeploymentPostprocessing = 0;
		};
		FFCFAC572EBAE64200EAF538 /* Sources */ = {
			isa = PBXSourcesBuildPhase;
			buildActionMask = 2147483647;
			files = (
			);
			runOnlyForDeploymentPostprocessing = 0;
		};
		FFCFAC612EBAE64200EAF538 /* Sources */ = {
			isa = PBXSourcesBuildPhase;
			buildActionMask = 2147483647;
			files = (
			);
			runOnlyForDeploymentPostprocessing = 0;
		};
/* End PBXSourcesBuildPhase section */

/* Begin PBXTargetDependency section */
		FFCFAC5D2EBAE64200EAF538 /* PBXTargetDependency */ = {
			isa = PBXTargetDependency;
			target = FFCFAC4D2EBAE64000EAF538 /* ChromaVUE 3 */;
			targetProxy = FFCFAC5C2EBAE64200EAF538 /* PBXContainerItemProxy */;
		};
		FFCFAC672EBAE64200EAF538 /* PBXTargetDependency */ = {
			isa = PBXTargetDependency;
			target = FFCFAC4D2EBAE64000EAF538 /* ChromaVUE 3 */;
			targetProxy = FFCFAC662EBAE64200EAF538 /* PBXContainerItemProxy */;
		};
/* End PBXTargetDependency section */

/* Begin XCBuildConfiguration section */
		FFCFAC6D2EBAE64200EAF538 /* Debug */ = {
			isa = XCBuildConfiguration;
			buildSettings = {
				ALWAYS_SEARCH_USER_PATHS = NO;
				ASSETCATALOG_COMPILER_GENERATE_SWIFT_ASSET_SYMBOL_EXTENSIONS = YES;
				CLANG_ANALYZER_NONNULL = YES;
				CLANG_ANALYZER_NUMBER_OBJECT_CONVERSION = YES_AGGRESSIVE;
				CLANG_CXX_LANGUAGE_STANDARD = "gnu++20";
				CLANG_ENABLE_MODULES = YES;
				CLANG_ENABLE_OBJC_ARC = YES;
				CLANG_ENABLE_OBJC_WEAK = YES;
				CLANG_WARN_BLOCK_CAPTURE_AUTORELEASING = YES;
				CLANG_WARN_BOOL_CONVERSION = YES;
				CLANG_WARN_COMMA = YES;
				CLANG_WARN_CONSTANT_CONVERSION = YES;
				CLANG_WARN_DEPRECATED_OBJC_IMPLEMENTATIONS = YES;
				CLANG_WARN_DIRECT_OBJC_ISA_USAGE = YES_ERROR;
				CLANG_WARN_DOCUMENTATION_COMMENTS = YES;
				CLANG_WARN_EMPTY_BODY = YES;
				CLANG_WARN_ENUM_CONVERSION = YES;
				CLANG_WARN_INFINITE_RECURSION = YES;
				CLANG_WARN_INT_CONVERSION = YES;
				CLANG_WARN_NON_LITERAL_NULL_CONVERSION = YES;
				CLANG_WARN_OBJC_IMPLICIT_RETAIN_SELF = YES;
				CLANG_WARN_OBJC_LITERAL_CONVERSION = YES;
				CLANG_WARN_OBJC_ROOT_CLASS = YES_ERROR;
				CLANG_WARN_QUOTED_INCLUDE_IN_FRAMEWORK_HEADER = YES;
				CLANG_WARN_RANGE_LOOP_ANALYSIS = YES;
				CLANG_WARN_STRICT_PROTOTYPES = YES;
				CLANG_WARN_SUSPICIOUS_MOVE = YES;
				CLANG_WARN_UNGUARDED_AVAILABILITY = YES_AGGRESSIVE;
				CLANG_WARN_UNREACHABLE_CODE = YES;
				CLANG_WARN__DUPLICATE_METHOD_MATCH = YES;
				COPY_PHASE_STRIP = NO;
				DEBUG_INFORMATION_FORMAT = dwarf;
				DEVELOPMENT_TEAM = 3NCZ52UVDW;
				ENABLE_STRICT_OBJC_MSGSEND = YES;
				ENABLE_TESTABILITY = YES;
				ENABLE_USER_SCRIPT_SANDBOXING = YES;
				GCC_C_LANGUAGE_STANDARD = gnu17;
				GCC_DYNAMIC_NO_PIC = NO;
				GCC_NO_COMMON_BLOCKS = YES;
				GCC_OPTIMIZATION_LEVEL = 0;
				GCC_PREPROCESSOR_DEFINITIONS = (
					"DEBUG=1",
					"$(inherited)",
				);
				GCC_WARN_64_TO_32_BIT_CONVERSION = YES;
				GCC_WARN_ABOUT_RETURN_TYPE = YES_ERROR;
				GCC_WARN_UNDECLARED_SELECTOR = YES;
				GCC_WARN_UNINITIALIZED_AUTOS = YES_AGGRESSIVE;
				GCC_WARN_UNUSED_FUNCTION = YES;
				GCC_WARN_UNUSED_VARIABLE = YES;
				IPHONEOS_DEPLOYMENT_TARGET = 26.0;
				LOCALIZATION_PREFERS_STRING_CATALOGS = YES;
				MTL_ENABLE_DEBUG_INFO = INCLUDE_SOURCE;
				MTL_FAST_MATH = YES;
				ONLY_ACTIVE_ARCH = YES;
				SDKROOT = iphoneos;
				SWIFT_ACTIVE_COMPILATION_CONDITIONS = "DEBUG $(inherited)";
				SWIFT_OPTIMIZATION_LEVEL = "-Onone";
			};
			name = Debug;
		};
		FFCFAC6E2EBAE64200EAF538 /* Release */ = {
			isa = XCBuildConfiguration;
			buildSettings = {
				ALWAYS_SEARCH_USER_PATHS = NO;
				ASSETCATALOG_COMPILER_GENERATE_SWIFT_ASSET_SYMBOL_EXTENSIONS = YES;
				CLANG_ANALYZER_NONNULL = YES;
				CLANG_ANALYZER_NUMBER_OBJECT_CONVERSION = YES_AGGRESSIVE;
				CLANG_CXX_LANGUAGE_STANDARD = "gnu++20";
				CLANG_ENABLE_MODULES = YES;
				CLANG_ENABLE_OBJC_ARC = YES;
				CLANG_ENABLE_OBJC_WEAK = YES;
				CLANG_WARN_BLOCK_CAPTURE_AUTORELEASING = YES;
				CLANG_WARN_BOOL_CONVERSION = YES;
				CLANG_WARN_COMMA = YES;
				CLANG_WARN_CONSTANT_CONVERSION = YES;
				CLANG_WARN_DEPRECATED_OBJC_IMPLEMENTATIONS = YES;
				CLANG_WARN_DIRECT_OBJC_ISA_USAGE = YES_ERROR;
				CLANG_WARN_DOCUMENTATION_COMMENTS = YES;
				CLANG_WARN_EMPTY_BODY = YES;
				CLANG_WARN_ENUM_CONVERSION = YES;
				CLANG_WARN_INFINITE_RECURSION = YES;
				CLANG_WARN_INT_CONVERSION = YES;
				CLANG_WARN_NON_LITERAL_NULL_CONVERSION = YES;
				CLANG_WARN_OBJC_IMPLICIT_RETAIN_SELF = YES;
				CLANG_WARN_OBJC_LITERAL_CONVERSION = YES;
				CLANG_WARN_OBJC_ROOT_CLASS = YES_ERROR;
				CLANG_WARN_QUOTED_INCLUDE_IN_FRAMEWORK_HEADER = YES;
				CLANG_WARN_RANGE_LOOP_ANALYSIS = YES;
				CLANG_WARN_STRICT_PROTOTYPES = YES;
				CLANG_WARN_SUSPICIOUS_MOVE = YES;
				CLANG_WARN_UNGUARDED_AVAILABILITY = YES_AGGRESSIVE;
				CLANG_WARN_UNREACHABLE_CODE = YES;
				CLANG_WARN__DUPLICATE_METHOD_MATCH = YES;
				COPY_PHASE_STRIP = NO;
				DEBUG_INFORMATION_FORMAT = "dwarf-with-dsym";
				DEVELOPMENT_TEAM = 3NCZ52UVDW;
				ENABLE_NS_ASSERTIONS = NO;
				ENABLE_STRICT_OBJC_MSGSEND = YES;
				ENABLE_USER_SCRIPT_SANDBOXING = YES;
				GCC_C_LANGUAGE_STANDARD = gnu17;
				GCC_NO_COMMON_BLOCKS = YES;
				GCC_WARN_64_TO_32_BIT_CONVERSION = YES;
				GCC_WARN_ABOUT_RETURN_TYPE = YES_ERROR;
				GCC_WARN_UNDECLARED_SELECTOR = YES;
				GCC_WARN_UNINITIALIZED_AUTOS = YES_AGGRESSIVE;
				GCC_WARN_UNUSED_FUNCTION = YES;
				GCC_WARN_UNUSED_VARIABLE = YES;
				IPHONEOS_DEPLOYMENT_TARGET = 26.0;
				LOCALIZATION_PREFERS_STRING_CATALOGS = YES;
				MTL_ENABLE_DEBUG_INFO = NO;
				MTL_FAST_MATH = YES;
				SDKROOT = iphoneos;
				SWIFT_COMPILATION_MODE = wholemodule;
				VALIDATE_PRODUCT = YES;
			};
			name = Release;
		};
		FFCFAC702EBAE64200EAF538 /* Debug */ = {
			isa = XCBuildConfiguration;
			buildSettings = {
				ASSETCATALOG_COMPILER_APPICON_NAME = AppIcon;
				ASSETCATALOG_COMPILER_GLOBAL_ACCENT_COLOR_NAME = AccentColor;
				CODE_SIGN_STYLE = Automatic;
				CURRENT_PROJECT_VERSION = 1;
				DEVELOPMENT_TEAM = 3NCZ52UVDW;
				ENABLE_PREVIEWS = YES;
				GENERATE_INFOPLIST_FILE = YES;
				INFOPLIST_KEY_UIApplicationSceneManifest_Generation = YES;
				INFOPLIST_KEY_UIApplicationSupportsIndirectInputEvents = YES;
				INFOPLIST_KEY_UILaunchScreen_Generation = YES;
				INFOPLIST_KEY_UISupportedInterfaceOrientations_iPad = "UIInterfaceOrientationPortrait UIInterfaceOrientationPortraitUpsideDown UIInterfaceOrientationLandscapeLeft UIInterfaceOrientationLandscapeRight";
				INFOPLIST_KEY_UISupportedInterfaceOrientations_iPhone = "UIInterfaceOrientationPortrait UIInterfaceOrientationLandscapeLeft UIInterfaceOrientationLandscapeRight";
				LD_RUNPATH_SEARCH_PATHS = (
					"$(inherited)",
					"@executable_path/Frameworks",
				);
				MARKETING_VERSION = 1.0;
				PRODUCT_BUNDLE_IDENTIFIER = "Personal.ChromaVUE-3";
				PRODUCT_NAME = "$(TARGET_NAME)";
				STRING_CATALOG_GENERATE_SYMBOLS = YES;
				SWIFT_APPROACHABLE_CONCURRENCY = YES;
				SWIFT_DEFAULT_ACTOR_ISOLATION = MainActor;
				SWIFT_EMIT_LOC_STRINGS = YES;
				SWIFT_UPCOMING_FEATURE_MEMBER_IMPORT_VISIBILITY = YES;
				SWIFT_VERSION = 5.0;
				TARGETED_DEVICE_FAMILY = "1,2";
			};
			name = Debug;
		};
		FFCFAC712EBAE64200EAF538 /* Release */ = {
			isa = XCBuildConfiguration;
			buildSettings = {
				ASSETCATALOG_COMPILER_APPICON_NAME = AppIcon;
				ASSETCATALOG_COMPILER_GLOBAL_ACCENT_COLOR_NAME = AccentColor;
				CODE_SIGN_STYLE = Automatic;
				CURRENT_PROJECT_VERSION = 1;
				DEVELOPMENT_TEAM = 3NCZ52UVDW;
				ENABLE_PREVIEWS = YES;
				GENERATE_INFOPLIST_FILE = YES;
				INFOPLIST_KEY_UIApplicationSceneManifest_Generation = YES;
				INFOPLIST_KEY_UIApplicationSupportsIndirectInputEvents = YES;
				INFOPLIST_KEY_UILaunchScreen_Generation = YES;
				INFOPLIST_KEY_UISupportedInterfaceOrientations_iPad = "UIInterfaceOrientationPortrait UIInterfaceOrientationPortraitUpsideDown UIInterfaceOrientationLandscapeLeft UIInterfaceOrientationLandscapeRight";
				INFOPLIST_KEY_UISupportedInterfaceOrientations_iPhone = "UIInterfaceOrientationPortrait UIInterfaceOrientationLandscapeLeft UIInterfaceOrientationLandscapeRight";
				LD_RUNPATH_SEARCH_PATHS = (
					"$(inherited)",
					"@executable_path/Frameworks",
				);
				MARKETING_VERSION = 1.0;
				PRODUCT_BUNDLE_IDENTIFIER = "Personal.ChromaVUE-3";
				PRODUCT_NAME = "$(TARGET_NAME)";
				STRING_CATALOG_GENERATE_SYMBOLS = YES;
				SWIFT_APPROACHABLE_CONCURRENCY = YES;
				SWIFT_DEFAULT_ACTOR_ISOLATION = MainActor;
				SWIFT_EMIT_LOC_STRINGS = YES;
				SWIFT_UPCOMING_FEATURE_MEMBER_IMPORT_VISIBILITY = YES;
				SWIFT_VERSION = 5.0;
				TARGETED_DEVICE_FAMILY = "1,2";
			};
			name = Release;
		};
		FFCFAC732EBAE64200EAF538 /* Debug */ = {
			isa = XCBuildConfiguration;
			buildSettings = {
				BUNDLE_LOADER = "$(TEST_HOST)";
				CODE_SIGN_STYLE = Automatic;
				CURRENT_PROJECT_VERSION = 1;
				DEVELOPMENT_TEAM = 3NCZ52UVDW;
				GENERATE_INFOPLIST_FILE = YES;
				IPHONEOS_DEPLOYMENT_TARGET = 26.0;
				MARKETING_VERSION = 1.0;
				PRODUCT_BUNDLE_IDENTIFIER = "Personal.ChromaVUE-3Tests";
				PRODUCT_NAME = "$(TARGET_NAME)";
				STRING_CATALOG_GENERATE_SYMBOLS = NO;
				SWIFT_APPROACHABLE_CONCURRENCY = YES;
				SWIFT_EMIT_LOC_STRINGS = NO;
				SWIFT_UPCOMING_FEATURE_MEMBER_IMPORT_VISIBILITY = YES;
				SWIFT_VERSION = 5.0;
				TARGETED_DEVICE_FAMILY = "1,2";
				TEST_HOST = "$(BUILT_PRODUCTS_DIR)/ChromaVUE 3.app/$(BUNDLE_EXECUTABLE_FOLDER_PATH)/ChromaVUE 3";
			};
			name = Debug;
		};
		FFCFAC742EBAE64200EAF538 /* Release */ = {
			isa = XCBuildConfiguration;
			buildSettings = {
				BUNDLE_LOADER = "$(TEST_HOST)";
				CODE_SIGN_STYLE = Automatic;
				CURRENT_PROJECT_VERSION = 1;
				DEVELOPMENT_TEAM = 3NCZ52UVDW;
				GENERATE_INFOPLIST_FILE = YES;
				IPHONEOS_DEPLOYMENT_TARGET = 26.0;
				MARKETING_VERSION = 1.0;
				PRODUCT_BUNDLE_IDENTIFIER = "Personal.ChromaVUE-3Tests";
				PRODUCT_NAME = "$(TARGET_NAME)";
				STRING_CATALOG_GENERATE_SYMBOLS = NO;
				SWIFT_APPROACHABLE_CONCURRENCY = YES;
				SWIFT_EMIT_LOC_STRINGS = NO;
				SWIFT_UPCOMING_FEATURE_MEMBER_IMPORT_VISIBILITY = YES;
				SWIFT_VERSION = 5.0;
				TARGETED_DEVICE_FAMILY = "1,2";
				TEST_HOST = "$(BUILT_PRODUCTS_DIR)/ChromaVUE 3.app/$(BUNDLE_EXECUTABLE_FOLDER_PATH)/ChromaVUE 3";
			};
			name = Release;
		};
		FFCFAC762EBAE64200EAF538 /* Debug */ = {
			isa = XCBuildConfiguration;
			buildSettings = {
				CODE_SIGN_STYLE = Automatic;
				CURRENT_PROJECT_VERSION = 1;
				DEVELOPMENT_TEAM = 3NCZ52UVDW;
				GENERATE_INFOPLIST_FILE = YES;
				MARKETING_VERSION = 1.0;
				PRODUCT_BUNDLE_IDENTIFIER = "Personal.ChromaVUE-3UITests";
				PRODUCT_NAME = "$(TARGET_NAME)";
				STRING_CATALOG_GENERATE_SYMBOLS = NO;
				SWIFT_APPROACHABLE_CONCURRENCY = YES;
				SWIFT_EMIT_LOC_STRINGS = NO;
				SWIFT_UPCOMING_FEATURE_MEMBER_IMPORT_VISIBILITY = YES;
				SWIFT_VERSION = 5.0;
				TARGETED_DEVICE_FAMILY = "1,2";
				TEST_TARGET_NAME = "ChromaVUE 3";
			};
			name = Debug;
		};
		FFCFAC772EBAE64200EAF538 /* Release */ = {
			isa = XCBuildConfiguration;
			buildSettings = {
				CODE_SIGN_STYLE = Automatic;
				CURRENT_PROJECT_VERSION = 1;
				DEVELOPMENT_TEAM = 3NCZ52UVDW;
				GENERATE_INFOPLIST_FILE = YES;
				MARKETING_VERSION = 1.0;
				PRODUCT_BUNDLE_IDENTIFIER = "Personal.ChromaVUE-3UITests";
				PRODUCT_NAME = "$(TARGET_NAME)";
				STRING_CATALOG_GENERATE_SYMBOLS = NO;
				SWIFT_APPROACHABLE_CONCURRENCY = YES;
				SWIFT_EMIT_LOC_STRINGS = NO;
				SWIFT_UPCOMING_FEATURE_MEMBER_IMPORT_VISIBILITY = YES;
				SWIFT_VERSION = 5.0;
				TARGETED_DEVICE_FAMILY = "1,2";
				TEST_TARGET_NAME = "ChromaVUE 3";
			};
			name = Release;
		};
/* End XCBuildConfiguration section */

/* Begin XCConfigurationList section */
		FFCFAC492EBAE64000EAF538 /* Build configuration list for PBXProject "ChromaVUE 3" */ = {
			isa = XCConfigurationList;
			buildConfigurations = (
				FFCFAC6D2EBAE64200EAF538 /* Debug */,
				FFCFAC6E2EBAE64200EAF538 /* Release */,
			);
			defaultConfigurationIsVisible = 0;
			defaultConfigurationName = Release;
		};
		FFCFAC6F2EBAE64200EAF538 /* Build configuration list for PBXNativeTarget "ChromaVUE 3" */ = {
			isa = XCConfigurationList;
			buildConfigurations = (
				FFCFAC702EBAE64200EAF538 /* Debug */,
				FFCFAC712EBAE64200EAF538 /* Release */,
			);
			defaultConfigurationIsVisible = 0;
			defaultConfigurationName = Release;
		};
		FFCFAC722EBAE64200EAF538 /* Build configuration list for PBXNativeTarget "ChromaVUE 3Tests" */ = {
			isa = XCConfigurationList;
			buildConfigurations = (
				FFCFAC732EBAE64200EAF538 /* Debug */,
				FFCFAC742EBAE64200EAF538 /* Release */,
			);
			defaultConfigurationIsVisible = 0;
			defaultConfigurationName = Release;
		};
		FFCFAC752EBAE64200EAF538 /* Build configuration list for PBXNativeTarget "ChromaVUE 3UITests" */ = {
			isa = XCConfigurationList;
			buildConfigurations = (
				FFCFAC762EBAE64200EAF538 /* Debug */,
				FFCFAC772EBAE64200EAF538 /* Release */,
			);
			defaultConfigurationIsVisible = 0;
			defaultConfigurationName = Release;
		};
/* End XCConfigurationList section */
	};
	rootObject = FFCFAC462EBAE64000EAF538 /* Project object */;
}
